
Microsoft Visual Studio Solution File, Format Version 12.00
# Visual Studio 2013
VisualStudioVersion = 12.0.21005.1
MinimumVisualStudioVersion = 10.0.40219.1
Project("{FAE04EC0-301F-11D3-BF4B-00C04F79EFBC}") = "TollFeeCalculator", "TollFeeCalculator\TollFeeCalculator.csproj", "{38DF3650-0EBA-4B63-999C-7ABAF225F215}"
EndProject
Project("{FAE04EC0-301F-11D3-BF4B-00C04F79EFBC}") = "TollFeeCalculator.Tests", "TollFeeCalculator.Tests\TollFeeCalculator.Tests.csproj", "{917F50CC-9057-4EBA-B1CC-76802D0FBEE1}"
EndProject
Global
	GlobalSection(SolutionConfigurationPlatforms) = preSolution
		Debug|Any CPU = Debug|Any CPU
		Release|Any CPU = Release|Any CPU
	EndGlobalSection
	GlobalSection(ProjectConfigurationPlatforms) = postSolution
		{38DF3650-0EBA-4B63-999C-7ABAF225F215}.Debug|Any CPU.ActiveCfg = Debug|Any CPU
		{38DF3650-0EBA-4B63-999C-7ABAF225F215}.Debug|Any CPU.Build.0 = Debug|Any CPU
		{38DF3650-0EBA-4B63-999C-7ABAF225F215}.Release|Any CPU.ActiveCfg = Release|Any CPU
		{38DF3650-0EBA-4B63-999C-7ABAF225F215}.Release|Any CPU.Build.0 = Release|Any CPU
		{917F50CC-9057-4EBA-B1CC-76802D0FBEE1}.Debug|Any CPU.ActiveCfg = Debug|Any CPU
		{917F50CC-9057-4EBA-B1CC-76802D0FBEE1}.Debug|Any CPU.Build.0 = Debug|Any CPU
		{917F50CC-9057-4EBA-B1CC-76802D0FBEE1}.Release|Any CPU.ActiveCfg = Release|Any CPU
		{917F50CC-9057-4EBA-B1CC-76802D0FBEE1}.Release|Any CPU.Build.0 = Release|Any CPU
	EndGlobalSection
	GlobalSection(SolutionProperties) = preSolution
		HideSolutionNode = FALSE
	EndGlobalSection
EndGlobal
